
Microsoft Visual Studio Solution File, Format Version 12.00
# Visual Studio Version 16
VisualStudioVersion = 16.0.29424.173
MinimumVisualStudioVersion = 10.0.40219.1
Project("{9A19103F-16F7-4668-BE54-9A1E7A4F7556}") = "Csp", "Csp\Csp.csproj", "{A0E17C3C-9219-49B9-9EA2-0C8FB74F38A6}"
EndProject
Project("{9A19103F-16F7-4668-BE54-9A1E7A4F7556}") = "Csp.Web", "Csp.Web\Csp.Web.csproj", "{05A15236-D61A-406C-A5C6-1F2BEC4C9A7D}"
EndProject
Project("{9A19103F-16F7-4668-BE54-9A1E7A4F7556}") = "Csp.Consul", "Csp.Consul\Csp.Consul.csproj", "{41BC1CDA-E6CF-4C36-BAAF-50583947ACB6}"
EndProject
Project("{9A19103F-16F7-4668-BE54-9A1E7A4F7556}") = "Csp.EF", "Csp.EF\Csp.EF.csproj", "{03FA0C97-6D09-4873-9E76-7EAE49776DBE}"
EndProject
Project("{9A19103F-16F7-4668-BE54-9A1E7A4F7556}") = "Csp.Wx", "Csp.Wx\Csp.Wx.csproj", "{93A54BD2-A1FB-491C-9B97-308AA5B00E4B}"
EndProject
Project("{9A19103F-16F7-4668-BE54-9A1E7A4F7556}") = "Csp.Jwt", "Csp.Jwt\Csp.Jwt.csproj", "{572B83A7-5A77-4E8D-A7EA-FA48F5E55E1F}"
EndProject
Project("{2150E333-8FDC-42A3-9474-1A3956D46DE8}") = "00-Csp.Core", "00-Csp.Core", "{C18EEF37-8FEC-4D5D-8B90-40362B8BDFF5}"
EndProject
Project("{2150E333-8FDC-42A3-9474-1A3956D46DE8}") = "01-Csp.Base.Api", "01-Csp.Base.Api", "{26DB15E0-7452-4E10-8F57-58CB2B5872FA}"
EndProject
Project("{9A19103F-16F7-4668-BE54-9A1E7A4F7556}") = "Csp.Wx.Api", "Csp.Wx.Api\Csp.Wx.Api.csproj", "{963D228C-EA24-4F16-935F-7212E3FCC5DD}"
EndProject
Project("{9A19103F-16F7-4668-BE54-9A1E7A4F7556}") = "Csp.Ocelot.Api", "Csp.Ocelot.Api\Csp.Ocelot.Api.csproj", "{46F00CF8-B80E-42CE-B9C6-3DC945D12F69}"
EndProject
Project("{9A19103F-16F7-4668-BE54-9A1E7A4F7556}") = "Csp.OAuth.Api", "Csp.OAuth.Api\Csp.OAuth.Api.csproj", "{54E027B3-E970-42A0-BE21-6F1AA612E547}"
EndProject
Project("{2150E333-8FDC-42A3-9474-1A3956D46DE8}") = "10-Bus.Logic.Service", "10-Bus.Logic.Service", "{E0CFA157-91A1-49F2-B726-D042CC63BA0E}"
EndProject
Project("{9A19103F-16F7-4668-BE54-9A1E7A4F7556}") = "Csp.Blog.Api", "Csp.Blog.Api\Csp.Blog.Api.csproj", "{B82B666A-11BD-47BB-9735-C960194F768B}"
EndProject
Project("{9A19103F-16F7-4668-BE54-9A1E7A4F7556}") = "Csp.Logger", "Csp.Logger\Csp.Logger.csproj", "{CD1EA831-E39D-4439-9EEA-E9EC7447DC94}"
EndProject
Global
	GlobalSection(SolutionConfigurationPlatforms) = preSolution
		Debug|Any CPU = Debug|Any CPU
		Release|Any CPU = Release|Any CPU
	EndGlobalSection
	GlobalSection(ProjectConfigurationPlatforms) = postSolution
		{A0E17C3C-9219-49B9-9EA2-0C8FB74F38A6}.Debug|Any CPU.ActiveCfg = Debug|Any CPU
		{A0E17C3C-9219-49B9-9EA2-0C8FB74F38A6}.Debug|Any CPU.Build.0 = Debug|Any CPU
		{A0E17C3C-9219-49B9-9EA2-0C8FB74F38A6}.Release|Any CPU.ActiveCfg = Release|Any CPU
		{A0E17C3C-9219-49B9-9EA2-0C8FB74F38A6}.Release|Any CPU.Build.0 = Release|Any CPU
		{05A15236-D61A-406C-A5C6-1F2BEC4C9A7D}.Debug|Any CPU.ActiveCfg = Debug|Any CPU
		{05A15236-D61A-406C-A5C6-1F2BEC4C9A7D}.Debug|Any CPU.Build.0 = Debug|Any CPU
		{05A15236-D61A-406C-A5C6-1F2BEC4C9A7D}.Release|Any CPU.ActiveCfg = Release|Any CPU
		{05A15236-D61A-406C-A5C6-1F2BEC4C9A7D}.Release|Any CPU.Build.0 = Release|Any CPU
		{41BC1CDA-E6CF-4C36-BAAF-50583947ACB6}.Debug|Any CPU.ActiveCfg = Debug|Any CPU
		{41BC1CDA-E6CF-4C36-BAAF-50583947ACB6}.Debug|Any CPU.Build.0 = Debug|Any CPU
		{41BC1CDA-E6CF-4C36-BAAF-50583947ACB6}.Release|Any CPU.ActiveCfg = Release|Any CPU
		{41BC1CDA-E6CF-4C36-BAAF-50583947ACB6}.Release|Any CPU.Build.0 = Release|Any CPU
		{03FA0C97-6D09-4873-9E76-7EAE49776DBE}.Debug|Any CPU.ActiveCfg = Debug|Any CPU
		{03FA0C97-6D09-4873-9E76-7EAE49776DBE}.Debug|Any CPU.Build.0 = Debug|Any CPU
		{03FA0C97-6D09-4873-9E76-7EAE49776DBE}.Release|Any CPU.ActiveCfg = Release|Any CPU
		{03FA0C97-6D09-4873-9E76-7EAE49776DBE}.Release|Any CPU.Build.0 = Release|Any CPU
		{93A54BD2-A1FB-491C-9B97-308AA5B00E4B}.Debug|Any CPU.ActiveCfg = Debug|Any CPU
		{93A54BD2-A1FB-491C-9B97-308AA5B00E4B}.Debug|Any CPU.Build.0 = Debug|Any CPU
		{93A54BD2-A1FB-491C-9B97-308AA5B00E4B}.Release|Any CPU.ActiveCfg = Release|Any CPU
		{93A54BD2-A1FB-491C-9B97-308AA5B00E4B}.Release|Any CPU.Build.0 = Release|Any CPU
		{572B83A7-5A77-4E8D-A7EA-FA48F5E55E1F}.Debug|Any CPU.ActiveCfg = Debug|Any CPU
		{572B83A7-5A77-4E8D-A7EA-FA48F5E55E1F}.Debug|Any CPU.Build.0 = Debug|Any CPU
		{572B83A7-5A77-4E8D-A7EA-FA48F5E55E1F}.Release|Any CPU.ActiveCfg = Release|Any CPU
		{572B83A7-5A77-4E8D-A7EA-FA48F5E55E1F}.Release|Any CPU.Build.0 = Release|Any CPU
		{963D228C-EA24-4F16-935F-7212E3FCC5DD}.Debug|Any CPU.ActiveCfg = Debug|Any CPU
		{963D228C-EA24-4F16-935F-7212E3FCC5DD}.Debug|Any CPU.Build.0 = Debug|Any CPU
		{963D228C-EA24-4F16-935F-7212E3FCC5DD}.Release|Any CPU.ActiveCfg = Release|Any CPU
		{963D228C-EA24-4F16-935F-7212E3FCC5DD}.Release|Any CPU.Build.0 = Release|Any CPU
		{46F00CF8-B80E-42CE-B9C6-3DC945D12F69}.Debug|Any CPU.ActiveCfg = Debug|Any CPU
		{46F00CF8-B80E-42CE-B9C6-3DC945D12F69}.Debug|Any CPU.Build.0 = Debug|Any CPU
		{46F00CF8-B80E-42CE-B9C6-3DC945D12F69}.Release|Any CPU.ActiveCfg = Release|Any CPU
		{46F00CF8-B80E-42CE-B9C6-3DC945D12F69}.Release|Any CPU.Build.0 = Release|Any CPU
		{54E027B3-E970-42A0-BE21-6F1AA612E547}.Debug|Any CPU.ActiveCfg = Debug|Any CPU
		{54E027B3-E970-42A0-BE21-6F1AA612E547}.Debug|Any CPU.Build.0 = Debug|Any CPU
		{54E027B3-E970-42A0-BE21-6F1AA612E547}.Release|Any CPU.ActiveCfg = Release|Any CPU
		{54E027B3-E970-42A0-BE21-6F1AA612E547}.Release|Any CPU.Build.0 = Release|Any CPU
		{B82B666A-11BD-47BB-9735-C960194F768B}.Debug|Any CPU.ActiveCfg = Debug|Any CPU
		{B82B666A-11BD-47BB-9735-C960194F768B}.Debug|Any CPU.Build.0 = Debug|Any CPU
		{B82B666A-11BD-47BB-9735-C960194F768B}.Release|Any CPU.ActiveCfg = Release|Any CPU
		{B82B666A-11BD-47BB-9735-C960194F768B}.Release|Any CPU.Build.0 = Release|Any CPU
		{CD1EA831-E39D-4439-9EEA-E9EC7447DC94}.Debug|Any CPU.ActiveCfg = Debug|Any CPU
		{CD1EA831-E39D-4439-9EEA-E9EC7447DC94}.Debug|Any CPU.Build.0 = Debug|Any CPU
		{CD1EA831-E39D-4439-9EEA-E9EC7447DC94}.Release|Any CPU.ActiveCfg = Release|Any CPU
		{CD1EA831-E39D-4439-9EEA-E9EC7447DC94}.Release|Any CPU.Build.0 = Release|Any CPU
	EndGlobalSection
	GlobalSection(SolutionProperties) = preSolution
		HideSolutionNode = FALSE
	EndGlobalSection
	GlobalSection(NestedProjects) = preSolution
		{A0E17C3C-9219-49B9-9EA2-0C8FB74F38A6} = {C18EEF37-8FEC-4D5D-8B90-40362B8BDFF5}
		{05A15236-D61A-406C-A5C6-1F2BEC4C9A7D} = {C18EEF37-8FEC-4D5D-8B90-40362B8BDFF5}
		{41BC1CDA-E6CF-4C36-BAAF-50583947ACB6} = {C18EEF37-8FEC-4D5D-8B90-40362B8BDFF5}
		{03FA0C97-6D09-4873-9E76-7EAE49776DBE} = {C18EEF37-8FEC-4D5D-8B90-40362B8BDFF5}
		{93A54BD2-A1FB-491C-9B97-308AA5B00E4B} = {C18EEF37-8FEC-4D5D-8B90-40362B8BDFF5}
		{572B83A7-5A77-4E8D-A7EA-FA48F5E55E1F} = {C18EEF37-8FEC-4D5D-8B90-40362B8BDFF5}
		{963D228C-EA24-4F16-935F-7212E3FCC5DD} = {26DB15E0-7452-4E10-8F57-58CB2B5872FA}
		{46F00CF8-B80E-42CE-B9C6-3DC945D12F69} = {26DB15E0-7452-4E10-8F57-58CB2B5872FA}
		{54E027B3-E970-42A0-BE21-6F1AA612E547} = {26DB15E0-7452-4E10-8F57-58CB2B5872FA}
		{B82B666A-11BD-47BB-9735-C960194F768B} = {E0CFA157-91A1-49F2-B726-D042CC63BA0E}
		{CD1EA831-E39D-4439-9EEA-E9EC7447DC94} = {C18EEF37-8FEC-4D5D-8B90-40362B8BDFF5}
	EndGlobalSection
	GlobalSection(ExtensibilityGlobals) = postSolution
		SolutionGuid = {3D8AD45D-2558-4D81-9E07-F031B4220EAA}
	EndGlobalSection
EndGlobal
