
Microsoft Visual Studio Solution File, Format Version 12.00
# Visual Studio Version 16
VisualStudioVersion = 16.0.29424.173
MinimumVisualStudioVersion = 10.0.40219.1
Project("{2150E333-8FDC-42A3-9474-1A3956D46DE8}") = "src", "src", "{040E0BE8-3FF2-4E21-95EB-A2647EBCF2CC}"
EndProject
Project("{9A19103F-16F7-4668-BE54-9A1E7A4F7556}") = "Csp", "src\Csp\Csp.csproj", "{6745522B-22A7-4950-B082-47AD4AD4BD59}"
EndProject
Project("{9A19103F-16F7-4668-BE54-9A1E7A4F7556}") = "Csp.Consul", "src\Csp.Consul\Csp.Consul.csproj", "{68613FC2-DD59-422F-81C4-89C523C1307C}"
EndProject
Project("{9A19103F-16F7-4668-BE54-9A1E7A4F7556}") = "Csp.EF", "src\Csp.EF\Csp.EF.csproj", "{8D8DA748-9EA0-4E49-BB4F-F8416BE3D568}"
EndProject
Project("{9A19103F-16F7-4668-BE54-9A1E7A4F7556}") = "Csp.Jwt", "src\Csp.Jwt\Csp.Jwt.csproj", "{8ABE5EA2-1521-419C-80DE-D70BF2E514B1}"
EndProject
Project("{9A19103F-16F7-4668-BE54-9A1E7A4F7556}") = "Csp.Logger", "src\Csp.Logger\Csp.Logger.csproj", "{A97760C2-40ED-46EC-8E49-3269D371735D}"
EndProject
Project("{9A19103F-16F7-4668-BE54-9A1E7A4F7556}") = "Csp.Wx", "src\Csp.Wx\Csp.Wx.csproj", "{F0690EF3-2D7F-457B-9B94-EA3A39623BCC}"
EndProject
Project("{9A19103F-16F7-4668-BE54-9A1E7A4F7556}") = "Csp.Web", "src\Csp.Web\Csp.Web.csproj", "{236AFB76-F2B4-4528-B5B0-5B185E524DEF}"
EndProject
Project("{2150E333-8FDC-42A3-9474-1A3956D46DE8}") = "modules", "modules", "{12769971-9D46-4631-ADC4-9B49BB90A56C}"
EndProject
Project("{9A19103F-16F7-4668-BE54-9A1E7A4F7556}") = "Csp.Sample", "src\modules\Csp.Sample\Csp.Sample.csproj", "{836BEE0C-8113-4DBE-A5C1-200648074CBD}"
EndProject
Project("{9A19103F-16F7-4668-BE54-9A1E7A4F7556}") = "Csp.Result", "src\Csp.Result\Csp.Result.csproj", "{861C451B-F338-4477-AAEA-407A06D4E6DD}"
EndProject
Project("{FAE04EC0-301F-11D3-BF4B-00C04F79EFBC}") = "Csp.Sample.Api", "src\modules\Csp.Sample.Api\Csp.Sample.Api.csproj", "{E3DD8B7C-031B-46CB-A3C2-98DB8E3693C7}"
EndProject
Global
	GlobalSection(SolutionConfigurationPlatforms) = preSolution
		Debug|Any CPU = Debug|Any CPU
		Release|Any CPU = Release|Any CPU
	EndGlobalSection
	GlobalSection(ProjectConfigurationPlatforms) = postSolution
		{6745522B-22A7-4950-B082-47AD4AD4BD59}.Debug|Any CPU.ActiveCfg = Debug|Any CPU
		{6745522B-22A7-4950-B082-47AD4AD4BD59}.Debug|Any CPU.Build.0 = Debug|Any CPU
		{6745522B-22A7-4950-B082-47AD4AD4BD59}.Release|Any CPU.ActiveCfg = Release|Any CPU
		{6745522B-22A7-4950-B082-47AD4AD4BD59}.Release|Any CPU.Build.0 = Release|Any CPU
		{68613FC2-DD59-422F-81C4-89C523C1307C}.Debug|Any CPU.ActiveCfg = Debug|Any CPU
		{68613FC2-DD59-422F-81C4-89C523C1307C}.Debug|Any CPU.Build.0 = Debug|Any CPU
		{68613FC2-DD59-422F-81C4-89C523C1307C}.Release|Any CPU.ActiveCfg = Release|Any CPU
		{68613FC2-DD59-422F-81C4-89C523C1307C}.Release|Any CPU.Build.0 = Release|Any CPU
		{8D8DA748-9EA0-4E49-BB4F-F8416BE3D568}.Debug|Any CPU.ActiveCfg = Debug|Any CPU
		{8D8DA748-9EA0-4E49-BB4F-F8416BE3D568}.Debug|Any CPU.Build.0 = Debug|Any CPU
		{8D8DA748-9EA0-4E49-BB4F-F8416BE3D568}.Release|Any CPU.ActiveCfg = Release|Any CPU
		{8D8DA748-9EA0-4E49-BB4F-F8416BE3D568}.Release|Any CPU.Build.0 = Release|Any CPU
		{8ABE5EA2-1521-419C-80DE-D70BF2E514B1}.Debug|Any CPU.ActiveCfg = Debug|Any CPU
		{8ABE5EA2-1521-419C-80DE-D70BF2E514B1}.Debug|Any CPU.Build.0 = Debug|Any CPU
		{8ABE5EA2-1521-419C-80DE-D70BF2E514B1}.Release|Any CPU.ActiveCfg = Release|Any CPU
		{8ABE5EA2-1521-419C-80DE-D70BF2E514B1}.Release|Any CPU.Build.0 = Release|Any CPU
		{A97760C2-40ED-46EC-8E49-3269D371735D}.Debug|Any CPU.ActiveCfg = Debug|Any CPU
		{A97760C2-40ED-46EC-8E49-3269D371735D}.Debug|Any CPU.Build.0 = Debug|Any CPU
		{A97760C2-40ED-46EC-8E49-3269D371735D}.Release|Any CPU.ActiveCfg = Release|Any CPU
		{A97760C2-40ED-46EC-8E49-3269D371735D}.Release|Any CPU.Build.0 = Release|Any CPU
		{F0690EF3-2D7F-457B-9B94-EA3A39623BCC}.Debug|Any CPU.ActiveCfg = Debug|Any CPU
		{F0690EF3-2D7F-457B-9B94-EA3A39623BCC}.Debug|Any CPU.Build.0 = Debug|Any CPU
		{F0690EF3-2D7F-457B-9B94-EA3A39623BCC}.Release|Any CPU.ActiveCfg = Release|Any CPU
		{F0690EF3-2D7F-457B-9B94-EA3A39623BCC}.Release|Any CPU.Build.0 = Release|Any CPU
		{236AFB76-F2B4-4528-B5B0-5B185E524DEF}.Debug|Any CPU.ActiveCfg = Debug|Any CPU
		{236AFB76-F2B4-4528-B5B0-5B185E524DEF}.Debug|Any CPU.Build.0 = Debug|Any CPU
		{236AFB76-F2B4-4528-B5B0-5B185E524DEF}.Release|Any CPU.ActiveCfg = Release|Any CPU
		{236AFB76-F2B4-4528-B5B0-5B185E524DEF}.Release|Any CPU.Build.0 = Release|Any CPU
		{836BEE0C-8113-4DBE-A5C1-200648074CBD}.Debug|Any CPU.ActiveCfg = Debug|Any CPU
		{836BEE0C-8113-4DBE-A5C1-200648074CBD}.Debug|Any CPU.Build.0 = Debug|Any CPU
		{836BEE0C-8113-4DBE-A5C1-200648074CBD}.Release|Any CPU.ActiveCfg = Release|Any CPU
		{836BEE0C-8113-4DBE-A5C1-200648074CBD}.Release|Any CPU.Build.0 = Release|Any CPU
		{861C451B-F338-4477-AAEA-407A06D4E6DD}.Debug|Any CPU.ActiveCfg = Debug|Any CPU
		{861C451B-F338-4477-AAEA-407A06D4E6DD}.Debug|Any CPU.Build.0 = Debug|Any CPU
		{861C451B-F338-4477-AAEA-407A06D4E6DD}.Release|Any CPU.ActiveCfg = Release|Any CPU
		{861C451B-F338-4477-AAEA-407A06D4E6DD}.Release|Any CPU.Build.0 = Release|Any CPU
		{E3DD8B7C-031B-46CB-A3C2-98DB8E3693C7}.Debug|Any CPU.ActiveCfg = Debug|Any CPU
		{E3DD8B7C-031B-46CB-A3C2-98DB8E3693C7}.Debug|Any CPU.Build.0 = Debug|Any CPU
		{E3DD8B7C-031B-46CB-A3C2-98DB8E3693C7}.Release|Any CPU.ActiveCfg = Release|Any CPU
		{E3DD8B7C-031B-46CB-A3C2-98DB8E3693C7}.Release|Any CPU.Build.0 = Release|Any CPU
	EndGlobalSection
	GlobalSection(SolutionProperties) = preSolution
		HideSolutionNode = FALSE
	EndGlobalSection
	GlobalSection(NestedProjects) = preSolution
		{6745522B-22A7-4950-B082-47AD4AD4BD59} = {040E0BE8-3FF2-4E21-95EB-A2647EBCF2CC}
		{68613FC2-DD59-422F-81C4-89C523C1307C} = {040E0BE8-3FF2-4E21-95EB-A2647EBCF2CC}
		{8D8DA748-9EA0-4E49-BB4F-F8416BE3D568} = {040E0BE8-3FF2-4E21-95EB-A2647EBCF2CC}
		{8ABE5EA2-1521-419C-80DE-D70BF2E514B1} = {040E0BE8-3FF2-4E21-95EB-A2647EBCF2CC}
		{A97760C2-40ED-46EC-8E49-3269D371735D} = {040E0BE8-3FF2-4E21-95EB-A2647EBCF2CC}
		{F0690EF3-2D7F-457B-9B94-EA3A39623BCC} = {040E0BE8-3FF2-4E21-95EB-A2647EBCF2CC}
		{236AFB76-F2B4-4528-B5B0-5B185E524DEF} = {040E0BE8-3FF2-4E21-95EB-A2647EBCF2CC}
		{12769971-9D46-4631-ADC4-9B49BB90A56C} = {040E0BE8-3FF2-4E21-95EB-A2647EBCF2CC}
		{836BEE0C-8113-4DBE-A5C1-200648074CBD} = {12769971-9D46-4631-ADC4-9B49BB90A56C}
		{861C451B-F338-4477-AAEA-407A06D4E6DD} = {040E0BE8-3FF2-4E21-95EB-A2647EBCF2CC}
		{E3DD8B7C-031B-46CB-A3C2-98DB8E3693C7} = {12769971-9D46-4631-ADC4-9B49BB90A56C}
	EndGlobalSection
	GlobalSection(ExtensibilityGlobals) = postSolution
		SolutionGuid = {3D8AD45D-2558-4D81-9E07-F031B4220EAA}
	EndGlobalSection
EndGlobal
